
Microsoft Visual Studio Solution File, Format Version 12.00
# Visual Studio 15
VisualStudioVersion = 15.0.28307.1259
MinimumVisualStudioVersion = 10.0.40219.1
Project("{FAE04EC0-301F-11D3-BF4B-00C04F79EFBC}") = "Aula6ExFix2", "Aula6ExFix2\Aula6ExFix2.csproj", "{9D54336F-B0B6-450A-9F76-73C76295AFA6}"
EndProject
Global
	GlobalSection(SolutionConfigurationPlatforms) = preSolution
		Debug|Any CPU = Debug|Any CPU
		Release|Any CPU = Release|Any CPU
	EndGlobalSection
	GlobalSection(ProjectConfigurationPlatforms) = postSolution
		{9D54336F-B0B6-450A-9F76-73C76295AFA6}.Debug|Any CPU.ActiveCfg = Debug|Any CPU
		{9D54336F-B0B6-450A-9F76-73C76295AFA6}.Debug|Any CPU.Build.0 = Debug|Any CPU
		{9D54336F-B0B6-450A-9F76-73C76295AFA6}.Release|Any CPU.ActiveCfg = Release|Any CPU
		{9D54336F-B0B6-450A-9F76-73C76295AFA6}.Release|Any CPU.Build.0 = Release|Any CPU
	EndGlobalSection
	GlobalSection(SolutionProperties) = preSolution
		HideSolutionNode = FALSE
	EndGlobalSection
	GlobalSection(ExtensibilityGlobals) = postSolution
		SolutionGuid = {BE551EA9-A22E-4F43-97F6-75186135B1A5}
	EndGlobalSection
EndGlobal
